
Microsoft Visual Studio Solution File, Format Version 12.00
# Visual Studio Version 16
VisualStudioVersion = 16.0.30011.22
MinimumVisualStudioVersion = 10.0.40219.1
Project("{FAE04EC0-301F-11D3-BF4B-00C04F79EFBC}") = "LR4_CSaN", "LR4_CSaN\LR4_CSaN.csproj", "{A768758F-4F5A-4704-A6D5-292DDDD36598}"
EndProject
Global
	GlobalSection(SolutionConfigurationPlatforms) = preSolution
		Debug|Any CPU = Debug|Any CPU
		Release|Any CPU = Release|Any CPU
	EndGlobalSection
	GlobalSection(ProjectConfigurationPlatforms) = postSolution
		{A768758F-4F5A-4704-A6D5-292DDDD36598}.Debug|Any CPU.ActiveCfg = Debug|Any CPU
		{A768758F-4F5A-4704-A6D5-292DDDD36598}.Debug|Any CPU.Build.0 = Debug|Any CPU
		{A768758F-4F5A-4704-A6D5-292DDDD36598}.Release|Any CPU.ActiveCfg = Release|Any CPU
		{A768758F-4F5A-4704-A6D5-292DDDD36598}.Release|Any CPU.Build.0 = Release|Any CPU
	EndGlobalSection
	GlobalSection(SolutionProperties) = preSolution
		HideSolutionNode = FALSE
	EndGlobalSection
	GlobalSection(ExtensibilityGlobals) = postSolution
		SolutionGuid = {CA4D3AF6-64CB-4C8E-B6A6-2DE374B4C1F7}
	EndGlobalSection
EndGlobal
